// !$*UTF8*$!
{
	archiveVersion = 1;
	classes = {
	};
	objectVersion = 50;
	objects = {

/* Begin PBXBuildFile section */
		27B2728B21C287AD005E191F /* AppDelegate.swift in Sources */ = {isa = PBXBuildFile; fileRef = 27B2728A21C287AD005E191F /* AppDelegate.swift */; };
		27B2728D21C287AD005E191F /* ViewController.swift in Sources */ = {isa = PBXBuildFile; fileRef = 27B2728C21C287AD005E191F /* ViewController.swift */; };
		27B2728F21C287AE005E191F /* Assets.xcassets in Resources */ = {isa = PBXBuildFile; fileRef = 27B2728E21C287AE005E191F /* Assets.xcassets */; };
		27B2729221C287AE005E191F /* Main.storyboard in Resources */ = {isa = PBXBuildFile; fileRef = 27B2729021C287AE005E191F /* Main.storyboard */; };
		27B2729E21C287AE005E191F /* CircleCiTestTests.swift in Sources */ = {isa = PBXBuildFile; fileRef = 27B2729D21C287AE005E191F /* CircleCiTestTests.swift */; };
		27B272A921C287AF005E191F /* CircleCiTestUITests.swift in Sources */ = {isa = PBXBuildFile; fileRef = 27B272A821C287AF005E191F /* CircleCiTestUITests.swift */; };
/* End PBXBuildFile section */

/* Begin PBXContainerItemProxy section */
		27B2729A21C287AE005E191F /* PBXContainerItemProxy */ = {
			isa = PBXContainerItemProxy;
			containerPortal = 27B2727F21C287AD005E191F /* Project object */;
			proxyType = 1;
			remoteGlobalIDString = 27B2728621C287AD005E191F;
			remoteInfo = CircleCiTest;
		};
		27B272A521C287AE005E191F /* PBXContainerItemProxy */ = {
			isa = PBXContainerItemProxy;
			containerPortal = 27B2727F21C287AD005E191F /* Project object */;
			proxyType = 1;
			remoteGlobalIDString = 27B2728621C287AD005E191F;
			remoteInfo = CircleCiTest;
		};
/* End PBXContainerItemProxy section */

/* Begin PBXFileReference section */
		27B2728721C287AD005E191F /* CircleCiTest.app */ = {isa = PBXFileReference; explicitFileType = wrapper.application; includeInIndex = 0; path = CircleCiTest.app; sourceTree = BUILT_PRODUCTS_DIR; };
		27B2728A21C287AD005E191F /* AppDelegate.swift */ = {isa = PBXFileReference; lastKnownFileType = sourcecode.swift; path = AppDelegate.swift; sourceTree = "<group>"; };
		27B2728C21C287AD005E191F /* ViewController.swift */ = {isa = PBXFileReference; lastKnownFileType = sourcecode.swift; path = ViewController.swift; sourceTree = "<group>"; };
		27B2728E21C287AE005E191F /* Assets.xcassets */ = {isa = PBXFileReference; lastKnownFileType = folder.assetcatalog; path = Assets.xcassets; sourceTree = "<group>"; };
		27B2729121C287AE005E191F /* Base */ = {isa = PBXFileReference; lastKnownFileType = file.storyboard; name = Base; path = Base.lproj/Main.storyboard; sourceTree = "<group>"; };
		27B2729321C287AE005E191F /* Info.plist */ = {isa = PBXFileReference; lastKnownFileType = text.plist.xml; path = Info.plist; sourceTree = "<group>"; };
		27B2729421C287AE005E191F /* CircleCiTest.entitlements */ = {isa = PBXFileReference; lastKnownFileType = text.plist.entitlements; path = CircleCiTest.entitlements; sourceTree = "<group>"; };
		27B2729921C287AE005E191F /* CircleCiTestTests.xctest */ = {isa = PBXFileReference; explicitFileType = wrapper.cfbundle; includeInIndex = 0; path = CircleCiTestTests.xctest; sourceTree = BUILT_PRODUCTS_DIR; };
		27B2729D21C287AE005E191F /* CircleCiTestTests.swift */ = {isa = PBXFileReference; lastKnownFileType = sourcecode.swift; path = CircleCiTestTests.swift; sourceTree = "<group>"; };
		27B2729F21C287AE005E191F /* Info.plist */ = {isa = PBXFileReference; lastKnownFileType = text.plist.xml; path = Info.plist; sourceTree = "<group>"; };
		27B272A421C287AE005E191F /* CircleCiTestUITests.xctest */ = {isa = PBXFileReference; explicitFileType = wrapper.cfbundle; includeInIndex = 0; path = CircleCiTestUITests.xctest; sourceTree = BUILT_PRODUCTS_DIR; };
		27B272A821C287AF005E191F /* CircleCiTestUITests.swift */ = {isa = PBXFileReference; lastKnownFileType = sourcecode.swift; path = CircleCiTestUITests.swift; sourceTree = "<group>"; };
		27B272AA21C287AF005E191F /* Info.plist */ = {isa = PBXFileReference; lastKnownFileType = text.plist.xml; path = Info.plist; sourceTree = "<group>"; };
/* End PBXFileReference section */

/* Begin PBXFrameworksBuildPhase section */
		27B2728421C287AD005E191F /* Frameworks */ = {
			isa = PBXFrameworksBuildPhase;
			buildActionMask = 2147483647;
			files = (
			);
			runOnlyForDeploymentPostprocessing = 0;
		};
		27B2729621C287AE005E191F /* Frameworks */ = {
			isa = PBXFrameworksBuildPhase;
			buildActionMask = 2147483647;
			files = (
			);
			runOnlyForDeploymentPostprocessing = 0;
		};
		27B272A121C287AE005E191F /* Frameworks */ = {
			isa = PBXFrameworksBuildPhase;
			buildActionMask = 2147483647;
			files = (
			);
			runOnlyForDeploymentPostprocessing = 0;
		};
/* End PBXFrameworksBuildPhase section */

/* Begin PBXGroup section */
		27B2727E21C287AD005E191F = {
			isa = PBXGroup;
			children = (
				27B2728921C287AD005E191F /* CircleCiTest */,
				27B2729C21C287AE005E191F /* CircleCiTestTests */,
				27B272A721C287AF005E191F /* CircleCiTestUITests */,
				27B2728821C287AD005E191F /* Products */,
			);
			sourceTree = "<group>";
		};
		27B2728821C287AD005E191F /* Products */ = {
			isa = PBXGroup;
			children = (
				27B2728721C287AD005E191F /* CircleCiTest.app */,
				27B2729921C287AE005E191F /* CircleCiTestTests.xctest */,
				27B272A421C287AE005E191F /* CircleCiTestUITests.xctest */,
			);
			name = Products;
			sourceTree = "<group>";
		};
		27B2728921C287AD005E191F /* CircleCiTest */ = {
			isa = PBXGroup;
			children = (
				27B2728A21C287AD005E191F /* AppDelegate.swift */,
				27B2728C21C287AD005E191F /* ViewController.swift */,
				27B2728E21C287AE005E191F /* Assets.xcassets */,
				27B2729021C287AE005E191F /* Main.storyboard */,
				27B2729321C287AE005E191F /* Info.plist */,
				27B2729421C287AE005E191F /* CircleCiTest.entitlements */,
			);
			path = CircleCiTest;
			sourceTree = "<group>";
		};
		27B2729C21C287AE005E191F /* CircleCiTestTests */ = {
			isa = PBXGroup;
			children = (
				27B2729D21C287AE005E191F /* CircleCiTestTests.swift */,
				27B2729F21C287AE005E191F /* Info.plist */,
			);
			path = CircleCiTestTests;
			sourceTree = "<group>";
		};
		27B272A721C287AF005E191F /* CircleCiTestUITests */ = {
			isa = PBXGroup;
			children = (
				27B272A821C287AF005E191F /* CircleCiTestUITests.swift */,
				27B272AA21C287AF005E191F /* Info.plist */,
			);
			path = CircleCiTestUITests;
			sourceTree = "<group>";
		};
/* End PBXGroup section */

/* Begin PBXNativeTarget section */
		27B2728621C287AD005E191F /* CircleCiTest */ = {
			isa = PBXNativeTarget;
			buildConfigurationList = 27B272AD21C287AF005E191F /* Build configuration list for PBXNativeTarget "CircleCiTest" */;
			buildPhases = (
				27B2728321C287AD005E191F /* Sources */,
				27B2728421C287AD005E191F /* Frameworks */,
				27B2728521C287AD005E191F /* Resources */,
			);
			buildRules = (
			);
			dependencies = (
			);
			name = CircleCiTest;
			productName = CircleCiTest;
			productReference = 27B2728721C287AD005E191F /* CircleCiTest.app */;
			productType = "com.apple.product-type.application";
		};
		27B2729821C287AE005E191F /* CircleCiTestTests */ = {
			isa = PBXNativeTarget;
			buildConfigurationList = 27B272B021C287AF005E191F /* Build configuration list for PBXNativeTarget "CircleCiTestTests" */;
			buildPhases = (
				27B2729521C287AE005E191F /* Sources */,
				27B2729621C287AE005E191F /* Frameworks */,
				27B2729721C287AE005E191F /* Resources */,
			);
			buildRules = (
			);
			dependencies = (
				27B2729B21C287AE005E191F /* PBXTargetDependency */,
			);
			name = CircleCiTestTests;
			productName = CircleCiTestTests;
			productReference = 27B2729921C287AE005E191F /* CircleCiTestTests.xctest */;
			productType = "com.apple.product-type.bundle.unit-test";
		};
		27B272A321C287AE005E191F /* CircleCiTestUITests */ = {
			isa = PBXNativeTarget;
			buildConfigurationList = 27B272B321C287AF005E191F /* Build configuration list for PBXNativeTarget "CircleCiTestUITests" */;
			buildPhases = (
				27B272A021C287AE005E191F /* Sources */,
				27B272A121C287AE005E191F /* Frameworks */,
				27B272A221C287AE005E191F /* Resources */,
			);
			buildRules = (
			);
			dependencies = (
				27B272A621C287AE005E191F /* PBXTargetDependency */,
			);
			name = CircleCiTestUITests;
			productName = CircleCiTestUITests;
			productReference = 27B272A421C287AE005E191F /* CircleCiTestUITests.xctest */;
			productType = "com.apple.product-type.bundle.ui-testing";
		};
/* End PBXNativeTarget section */

/* Begin PBXProject section */
		27B2727F21C287AD005E191F /* Project object */ = {
			isa = PBXProject;
			attributes = {
				LastSwiftUpdateCheck = 0940;
				LastUpgradeCheck = 0940;
				ORGANIZATIONNAME = Nikhil;
				TargetAttributes = {
					27B2728621C287AD005E191F = {
						CreatedOnToolsVersion = 9.4.1;
					};
					27B2729821C287AE005E191F = {
						CreatedOnToolsVersion = 9.4.1;
						TestTargetID = 27B2728621C287AD005E191F;
					};
					27B272A321C287AE005E191F = {
						CreatedOnToolsVersion = 9.4.1;
						TestTargetID = 27B2728621C287AD005E191F;
					};
				};
			};
			buildConfigurationList = 27B2728221C287AD005E191F /* Build configuration list for PBXProject "CircleCiTest" */;
			compatibilityVersion = "Xcode 9.3";
			developmentRegion = en;
			hasScannedForEncodings = 0;
			knownRegions = (
				en,
				Base,
			);
			mainGroup = 27B2727E21C287AD005E191F;
			productRefGroup = 27B2728821C287AD005E191F /* Products */;
			projectDirPath = "";
			projectRoot = "";
			targets = (
				27B2728621C287AD005E191F /* CircleCiTest */,
				27B2729821C287AE005E191F /* CircleCiTestTests */,
				27B272A321C287AE005E191F /* CircleCiTestUITests */,
			);
		};
/* End PBXProject section */

/* Begin PBXResourcesBuildPhase section */
		27B2728521C287AD005E191F /* Resources */ = {
			isa = PBXResourcesBuildPhase;
			buildActionMask = 2147483647;
			files = (
				27B2728F21C287AE005E191F /* Assets.xcassets in Resources */,
				27B2729221C287AE005E191F /* Main.storyboard in Resources */,
			);
			runOnlyForDeploymentPostprocessing = 0;
		};
		27B2729721C287AE005E191F /* Resources */ = {
			isa = PBXResourcesBuildPhase;
			buildActionMask = 2147483647;
			files = (
			);
			runOnlyForDeploymentPostprocessing = 0;
		};
		27B272A221C287AE005E191F /* Resources */ = {
			isa = PBXResourcesBuildPhase;
			buildActionMask = 2147483647;
			files = (
			);
			runOnlyForDeploymentPostprocessing = 0;
		};
/* End PBXResourcesBuildPhase section */

/* Begin PBXSourcesBuildPhase section */
		27B2728321C287AD005E191F /* Sources */ = {
			isa = PBXSourcesBuildPhase;
			buildActionMask = 2147483647;
			files = (
				27B2728D21C287AD005E191F /* ViewController.swift in Sources */,
				27B2728B21C287AD005E191F /* AppDelegate.swift in Sources */,
			);
			runOnlyForDeploymentPostprocessing = 0;
		};
		27B2729521C287AE005E191F /* Sources */ = {
			isa = PBXSourcesBuildPhase;
			buildActionMask = 2147483647;
			files = (
				27B2729E21C287AE005E191F /* CircleCiTestTests.swift in Sources */,
			);
			runOnlyForDeploymentPostprocessing = 0;
		};
		27B272A021C287AE005E191F /* Sources */ = {
			isa = PBXSourcesBuildPhase;
			buildActionMask = 2147483647;
			files = (
				27B272A921C287AF005E191F /* CircleCiTestUITests.swift in Sources */,
			);
			runOnlyForDeploymentPostprocessing = 0;
		};
/* End PBXSourcesBuildPhase section */

/* Begin PBXTargetDependency section */
		27B2729B21C287AE005E191F /* PBXTargetDependency */ = {
			isa = PBXTargetDependency;
			target = 27B2728621C287AD005E191F /* CircleCiTest */;
			targetProxy = 27B2729A21C287AE005E191F /* PBXContainerItemProxy */;
		};
		27B272A621C287AE005E191F /* PBXTargetDependency */ = {
			isa = PBXTargetDependency;
			target = 27B2728621C287AD005E191F /* CircleCiTest */;
			targetProxy = 27B272A521C287AE005E191F /* PBXContainerItemProxy */;
		};
/* End PBXTargetDependency section */

/* Begin PBXVariantGroup section */
		27B2729021C287AE005E191F /* Main.storyboard */ = {
			isa = PBXVariantGroup;
			children = (
				27B2729121C287AE005E191F /* Base */,
			);
			name = Main.storyboard;
			sourceTree = "<group>";
		};
/* End PBXVariantGroup section */

/* Begin XCBuildConfiguration section */
		27B272AB21C287AF005E191F /* Debug */ = {
			isa = XCBuildConfiguration;
			buildSettings = {
				ALWAYS_SEARCH_USER_PATHS = NO;
				CLANG_ANALYZER_NONNULL = YES;
				CLANG_ANALYZER_NUMBER_OBJECT_CONVERSION = YES_AGGRESSIVE;
				CLANG_CXX_LANGUAGE_STANDARD = "gnu++14";
				CLANG_CXX_LIBRARY = "libc++";
				CLANG_ENABLE_MODULES = YES;
				CLANG_ENABLE_OBJC_ARC = YES;
				CLANG_ENABLE_OBJC_WEAK = YES;
				CLANG_WARN_BLOCK_CAPTURE_AUTORELEASING = YES;
				CLANG_WARN_BOOL_CONVERSION = YES;
				CLANG_WARN_COMMA = YES;
				CLANG_WARN_CONSTANT_CONVERSION = YES;
				CLANG_WARN_DEPRECATED_OBJC_IMPLEMENTATIONS = YES;
				CLANG_WARN_DIRECT_OBJC_ISA_USAGE = YES_ERROR;
				CLANG_WARN_DOCUMENTATION_COMMENTS = YES;
				CLANG_WARN_EMPTY_BODY = YES;
				CLANG_WARN_ENUM_CONVERSION = YES;
				CLANG_WARN_INFINITE_RECURSION = YES;
				CLANG_WARN_INT_CONVERSION = YES;
				CLANG_WARN_NON_LITERAL_NULL_CONVERSION = YES;
				CLANG_WARN_OBJC_IMPLICIT_RETAIN_SELF = YES;
				CLANG_WARN_OBJC_LITERAL_CONVERSION = YES;
				CLANG_WARN_OBJC_ROOT_CLASS = YES_ERROR;
				CLANG_WARN_RANGE_LOOP_ANALYSIS = YES;
				CLANG_WARN_STRICT_PROTOTYPES = YES;
				CLANG_WARN_SUSPICIOUS_MOVE = YES;
				CLANG_WARN_UNGUARDED_AVAILABILITY = YES_AGGRESSIVE;
				CLANG_WARN_UNREACHABLE_CODE = YES;
				CLANG_WARN__DUPLICATE_METHOD_MATCH = YES;
				CODE_SIGN_IDENTITY = "-";
				COPY_PHASE_STRIP = NO;
				DEBUG_INFORMATION_FORMAT = dwarf;
				ENABLE_STRICT_OBJC_MSGSEND = YES;
				ENABLE_TESTABILITY = YES;
				GCC_C_LANGUAGE_STANDARD = gnu11;
				GCC_DYNAMIC_NO_PIC = NO;
				GCC_NO_COMMON_BLOCKS = YES;
				GCC_OPTIMIZATION_LEVEL = 0;
				GCC_PREPROCESSOR_DEFINITIONS = (
					"DEBUG=1",
					"$(inherited)",
				);
				GCC_WARN_64_TO_32_BIT_CONVERSION = YES;
				GCC_WARN_ABOUT_RETURN_TYPE = YES_ERROR;
				GCC_WARN_UNDECLARED_SELECTOR = YES;
				GCC_WARN_UNINITIALIZED_AUTOS = YES_AGGRESSIVE;
				GCC_WARN_UNUSED_FUNCTION = YES;
				GCC_WARN_UNUSED_VARIABLE = YES;
				MACOSX_DEPLOYMENT_TARGET = 10.14;
				MTL_ENABLE_DEBUG_INFO = YES;
				ONLY_ACTIVE_ARCH = YES;
				SDKROOT = macosx;
				SWIFT_ACTIVE_COMPILATION_CONDITIONS = DEBUG;
				SWIFT_OPTIMIZATION_LEVEL = "-Onone";
			};
			name = Debug;
		};
		27B272AC21C287AF005E191F /* Release */ = {
			isa = XCBuildConfiguration;
			buildSettings = {
				ALWAYS_SEARCH_USER_PATHS = NO;
				CLANG_ANALYZER_NONNULL = YES;
				CLANG_ANALYZER_NUMBER_OBJECT_CONVERSION = YES_AGGRESSIVE;
				CLANG_CXX_LANGUAGE_STANDARD = "gnu++14";
				CLANG_CXX_LIBRARY = "libc++";
				CLANG_ENABLE_MODULES = YES;
				CLANG_ENABLE_OBJC_ARC = YES;
				CLANG_ENABLE_OBJC_WEAK = YES;
				CLANG_WARN_BLOCK_CAPTURE_AUTORELEASING = YES;
				CLANG_WARN_BOOL_CONVERSION = YES;
				CLANG_WARN_COMMA = YES;
				CLANG_WARN_CONSTANT_CONVERSION = YES;
				CLANG_WARN_DEPRECATED_OBJC_IMPLEMENTATIONS = YES;
				CLANG_WARN_DIRECT_OBJC_ISA_USAGE = YES_ERROR;
				CLANG_WARN_DOCUMENTATION_COMMENTS = YES;
				CLANG_WARN_EMPTY_BODY = YES;
				CLANG_WARN_ENUM_CONVERSION = YES;
				CLANG_WARN_INFINITE_RECURSION = YES;
				CLANG_WARN_INT_CONVERSION = YES;
				CLANG_WARN_NON_LITERAL_NULL_CONVERSION = YES;
				CLANG_WARN_OBJC_IMPLICIT_RETAIN_SELF = YES;
				CLANG_WARN_OBJC_LITERAL_CONVERSION = YES;
				CLANG_WARN_OBJC_ROOT_CLASS = YES_ERROR;
				CLANG_WARN_RANGE_LOOP_ANALYSIS = YES;
				CLANG_WARN_STRICT_PROTOTYPES = YES;
				CLANG_WARN_SUSPICIOUS_MOVE = YES;
				CLANG_WARN_UNGUARDED_AVAILABILITY = YES_AGGRESSIVE;
				CLANG_WARN_UNREACHABLE_CODE = YES;
				CLANG_WARN__DUPLICATE_METHOD_MATCH = YES;
				CODE_SIGN_IDENTITY = "-";
				COPY_PHASE_STRIP = NO;
				DEBUG_INFORMATION_FORMAT = "dwarf-with-dsym";
				ENABLE_NS_ASSERTIONS = NO;
				ENABLE_STRICT_OBJC_MSGSEND = YES;
				GCC_C_LANGUAGE_STANDARD = gnu11;
				GCC_NO_COMMON_BLOCKS = YES;
				GCC_WARN_64_TO_32_BIT_CONVERSION = YES;
				GCC_WARN_ABOUT_RETURN_TYPE = YES_ERROR;
				GCC_WARN_UNDECLARED_SELECTOR = YES;
				GCC_WARN_UNINITIALIZED_AUTOS = YES_AGGRESSIVE;
				GCC_WARN_UNUSED_FUNCTION = YES;
				GCC_WARN_UNUSED_VARIABLE = YES;
				MACOSX_DEPLOYMENT_TARGET = 10.14;
				MTL_ENABLE_DEBUG_INFO = NO;
				SDKROOT = macosx;
				SWIFT_COMPILATION_MODE = wholemodule;
				SWIFT_OPTIMIZATION_LEVEL = "-O";
			};
			name = Release;
		};
		27B272AE21C287AF005E191F /* Debug */ = {
			isa = XCBuildConfiguration;
			buildSettings = {
				ASSETCATALOG_COMPILER_APPICON_NAME = AppIcon;
				CODE_SIGN_ENTITLEMENTS = CircleCiTest/CircleCiTest.entitlements;
				CODE_SIGN_STYLE = Automatic;
				COMBINE_HIDPI_IMAGES = YES;
				INFOPLIST_FILE = CircleCiTest/Info.plist;
				LD_RUNPATH_SEARCH_PATHS = (
					"$(inherited)",
					"@executable_path/../Frameworks",
				);
				PRODUCT_BUNDLE_IDENTIFIER = com.Nikhil.CircleCiTest;
				PRODUCT_NAME = "$(TARGET_NAME)";
				SWIFT_VERSION = 4.0;
			};
			name = Debug;
		};
		27B272AF21C287AF005E191F /* Release */ = {
			isa = XCBuildConfiguration;
			buildSettings = {
				ASSETCATALOG_COMPILER_APPICON_NAME = AppIcon;
				CODE_SIGN_ENTITLEMENTS = CircleCiTest/CircleCiTest.entitlements;
				CODE_SIGN_STYLE = Automatic;
				COMBINE_HIDPI_IMAGES = YES;
				INFOPLIST_FILE = CircleCiTest/Info.plist;
				LD_RUNPATH_SEARCH_PATHS = (
					"$(inherited)",
					"@executable_path/../Frameworks",
				);
				PRODUCT_BUNDLE_IDENTIFIER = com.Nikhil.CircleCiTest;
				PRODUCT_NAME = "$(TARGET_NAME)";
				SWIFT_VERSION = 4.0;
			};
			name = Release;
		};
		27B272B121C287AF005E191F /* Debug */ = {
			isa = XCBuildConfiguration;
			buildSettings = {
				ALWAYS_EMBED_SWIFT_STANDARD_LIBRARIES = YES;
				BUNDLE_LOADER = "$(TEST_HOST)";
				CODE_SIGN_STYLE = Automatic;
				COMBINE_HIDPI_IMAGES = YES;
				INFOPLIST_FILE = CircleCiTestTests/Info.plist;
				LD_RUNPATH_SEARCH_PATHS = (
					"$(inherited)",
					"@executable_path/../Frameworks",
					"@loader_path/../Frameworks",
				);
				PRODUCT_BUNDLE_IDENTIFIER = com.Nikhil.CircleCiTestTests;
				PRODUCT_NAME = "$(TARGET_NAME)";
				SWIFT_VERSION = 4.0;
				TEST_HOST = "$(BUILT_PRODUCTS_DIR)/CircleCiTest.app/Contents/MacOS/CircleCiTest";
			};
			name = Debug;
		};
		27B272B221C287AF005E191F /* Release */ = {
			isa = XCBuildConfiguration;
			buildSettings = {
				ALWAYS_EMBED_SWIFT_STANDARD_LIBRARIES = YES;
				BUNDLE_LOADER = "$(TEST_HOST)";
				CODE_SIGN_STYLE = Automatic;
				COMBINE_HIDPI_IMAGES = YES;
				INFOPLIST_FILE = CircleCiTestTests/Info.plist;
				LD_RUNPATH_SEARCH_PATHS = (
					"$(inherited)",
					"@executable_path/../Frameworks",
					"@loader_path/../Frameworks",
				);
				PRODUCT_BUNDLE_IDENTIFIER = com.Nikhil.CircleCiTestTests;
				PRODUCT_NAME = "$(TARGET_NAME)";
				SWIFT_VERSION = 4.0;
				TEST_HOST = "$(BUILT_PRODUCTS_DIR)/CircleCiTest.app/Contents/MacOS/CircleCiTest";
			};
			name = Release;
		};
		27B272B421C287AF005E191F /* Debug */ = {
			isa = XCBuildConfiguration;
			buildSettings = {
				ALWAYS_EMBED_SWIFT_STANDARD_LIBRARIES = YES;
				CODE_SIGN_STYLE = Automatic;
				COMBINE_HIDPI_IMAGES = YES;
				INFOPLIST_FILE = CircleCiTestUITests/Info.plist;
				LD_RUNPATH_SEARCH_PATHS = (
					"$(inherited)",
					"@executable_path/../Frameworks",
					"@loader_path/../Frameworks",
				);
				PRODUCT_BUNDLE_IDENTIFIER = com.Nikhil.CircleCiTestUITests;
				PRODUCT_NAME = "$(TARGET_NAME)";
				SWIFT_VERSION = 4.0;
				TEST_TARGET_NAME = CircleCiTest;
			};
			name = Debug;
		};
		27B272B521C287AF005E191F /* Release */ = {
			isa = XCBuildConfiguration;
			buildSettings = {
				ALWAYS_EMBED_SWIFT_STANDARD_LIBRARIES = YES;
				CODE_SIGN_STYLE = Automatic;
				COMBINE_HIDPI_IMAGES = YES;
				INFOPLIST_FILE = CircleCiTestUITests/Info.plist;
				LD_RUNPATH_SEARCH_PATHS = (
					"$(inherited)",
					"@executable_path/../Frameworks",
					"@loader_path/../Frameworks",
				);
				PRODUCT_BUNDLE_IDENTIFIER = com.Nikhil.CircleCiTestUITests;
				PRODUCT_NAME = "$(TARGET_NAME)";
				SWIFT_VERSION = 4.0;
				TEST_TARGET_NAME = CircleCiTest;
			};
			name = Release;
		};
/* End XCBuildConfiguration section */

/* Begin XCConfigurationList section */
		27B2728221C287AD005E191F /* Build configuration list for PBXProject "CircleCiTest" */ = {
			isa = XCConfigurationList;
			buildConfigurations = (
				27B272AB21C287AF005E191F /* Debug */,
				27B272AC21C287AF005E191F /* Release */,
			);
			defaultConfigurationIsVisible = 0;
			defaultConfigurationName = Release;
		};
		27B272AD21C287AF005E191F /* Build configuration list for PBXNativeTarget "CircleCiTest" */ = {
			isa = XCConfigurationList;
			buildConfigurations = (
				27B272AE21C287AF005E191F /* Debug */,
				27B272AF21C287AF005E191F /* Release */,
			);
			defaultConfigurationIsVisible = 0;
			defaultConfigurationName = Release;
		};
		27B272B021C287AF005E191F /* Build configuration list for PBXNativeTarget "CircleCiTestTests" */ = {
			isa = XCConfigurationList;
			buildConfigurations = (
				27B272B121C287AF005E191F /* Debug */,
				27B272B221C287AF005E191F /* Release */,
			);
			defaultConfigurationIsVisible = 0;
			defaultConfigurationName = Release;
		};
		27B272B321C287AF005E191F /* Build configuration list for PBXNativeTarget "CircleCiTestUITests" */ = {
			isa = XCConfigurationList;
			buildConfigurations = (
				27B272B421C287AF005E191F /* Debug */,
				27B272B521C287AF005E191F /* Release */,
			);
			defaultConfigurationIsVisible = 0;
			defaultConfigurationName = Release;
		};
/* End XCConfigurationList section */
	};
	rootObject = 27B2727F21C287AD005E191F /* Project object */;
}
